
Microsoft Visual Studio Solution File, Format Version 12.00
# Visual Studio Version 16
VisualStudioVersion = 16.0.30907.101
MinimumVisualStudioVersion = 10.0.40219.1
Project("{FAE04EC0-301F-11D3-BF4B-00C04F79EFBC}") = "RaftVR", "RaftVRMod\RaftVR.csproj", "{380FB284-0259-4626-8344-87CCA7E33539}"
EndProject
Global
	GlobalSection(SolutionConfigurationPlatforms) = preSolution
		Debug|Any CPU = Debug|Any CPU
		Release|Any CPU = Release|Any CPU
	EndGlobalSection
	GlobalSection(ProjectConfigurationPlatforms) = postSolution
		{380FB284-0259-4626-8344-87CCA7E33539}.Debug|Any CPU.ActiveCfg = Debug|Any CPU
		{380FB284-0259-4626-8344-87CCA7E33539}.Debug|Any CPU.Build.0 = Debug|Any CPU
		{380FB284-0259-4626-8344-87CCA7E33539}.Release|Any CPU.ActiveCfg = Release|Any CPU
		{380FB284-0259-4626-8344-87CCA7E33539}.Release|Any CPU.Build.0 = Release|Any CPU
	EndGlobalSection
	GlobalSection(SolutionProperties) = preSolution
		HideSolutionNode = FALSE
	EndGlobalSection
	GlobalSection(ExtensibilityGlobals) = postSolution
		SolutionGuid = {891A040D-AADE-4326-B44F-D9F26BD3E695}
	EndGlobalSection
EndGlobal
